// !$*UTF8*$!
{
	archiveVersion = 1;
	classes = {
	};
	objectVersion = 50;
	objects = {

/* Begin PBXBuildFile section */
		0FF7C0F51D0B74186887A1F1 /* Pods_LightAnchorsUITests.framework in Frameworks */ = {isa = PBXBuildFile; fileRef = 05C621DE260EAF15ED278953 /* Pods_LightAnchorsUITests.framework */; };
		1C4D7CF28630A57034699C40 /* Pods_LightAnchors.framework in Frameworks */ = {isa = PBXBuildFile; fileRef = 3BE12FB78B5070BF62CD0DBE /* Pods_LightAnchors.framework */; };
		3309515F11427810EDFB0EE6 /* Pods_LightAnchorsTests.framework in Frameworks */ = {isa = PBXBuildFile; fileRef = F1311B24491BE9B212BA1053 /* Pods_LightAnchorsTests.framework */; };
		5B662E5523356E6000369F55 /* String+append.swift in Sources */ = {isa = PBXBuildFile; fileRef = 5B662E5423356E6000369F55 /* String+append.swift */; };
		5B68614C233580A200CB1444 /* LightAnchorFramework.framework in Frameworks */ = {isa = PBXBuildFile; fileRef = 5B68614B233580A200CB1444 /* LightAnchorFramework.framework */; };
		5B6E33D121B6E248000B31E6 /* AppDelegate.swift in Sources */ = {isa = PBXBuildFile; fileRef = 5B6E33D021B6E248000B31E6 /* AppDelegate.swift */; };
		5B6E33D321B6E248000B31E6 /* ViewController.swift in Sources */ = {isa = PBXBuildFile; fileRef = 5B6E33D221B6E248000B31E6 /* ViewController.swift */; };
		5B6E33D821B6E24A000B31E6 /* Assets.xcassets in Resources */ = {isa = PBXBuildFile; fileRef = 5B6E33D721B6E24A000B31E6 /* Assets.xcassets */; };
		5B6E33DB21B6E24A000B31E6 /* LaunchScreen.storyboard in Resources */ = {isa = PBXBuildFile; fileRef = 5B6E33D921B6E24A000B31E6 /* LaunchScreen.storyboard */; };
		5B6E33E621B6E24A000B31E6 /* LightAnchorsTests.swift in Sources */ = {isa = PBXBuildFile; fileRef = 5B6E33E521B6E24A000B31E6 /* LightAnchorsTests.swift */; };
		5B6E33F121B6E24A000B31E6 /* LightAnchorsUITests.swift in Sources */ = {isa = PBXBuildFile; fileRef = 5B6E33F021B6E24A000B31E6 /* LightAnchorsUITests.swift */; };
		5B6E33FF21B874B4000B31E6 /* LocationView.swift in Sources */ = {isa = PBXBuildFile; fileRef = 5B6E33FE21B874B4000B31E6 /* LocationView.swift */; };
		5B6E340121B9C8A2000B31E6 /* Plane.swift in Sources */ = {isa = PBXBuildFile; fileRef = 5B6E340021B9C8A2000B31E6 /* Plane.swift */; };
		5B936BA422F331310034E0D3 /* kernels.metal in Sources */ = {isa = PBXBuildFile; fileRef = 5B936BA322F331310034E0D3 /* kernels.metal */; };
		5BA610962235B53F00C3C000 /* ClusterView.swift in Sources */ = {isa = PBXBuildFile; fileRef = 5BA610952235B53F00C3C000 /* ClusterView.swift */; };
		5BC4347C2208F4D60029305F /* SettingsViewController.swift in Sources */ = {isa = PBXBuildFile; fileRef = 5BC4347B2208F4D60029305F /* SettingsViewController.swift */; };
		5BDE5B4E23283CDB00D7F404 /* lightanchorkernels.metallib in Resources */ = {isa = PBXBuildFile; fileRef = 5BDE5B4D23283CDA00D7F404 /* lightanchorkernels.metallib */; };
		5BE4562622331058006BC514 /* Thread.swift in Sources */ = {isa = PBXBuildFile; fileRef = 5BE4562522331058006BC514 /* Thread.swift */; };
/* End PBXBuildFile section */

/* Begin PBXContainerItemProxy section */
		5B6E33E221B6E24A000B31E6 /* PBXContainerItemProxy */ = {
			isa = PBXContainerItemProxy;
			containerPortal = 5B6E33C521B6E248000B31E6 /* Project object */;
			proxyType = 1;
			remoteGlobalIDString = 5B6E33CC21B6E248000B31E6;
			remoteInfo = LightAnchors;
		};
		5B6E33ED21B6E24A000B31E6 /* PBXContainerItemProxy */ = {
			isa = PBXContainerItemProxy;
			containerPortal = 5B6E33C521B6E248000B31E6 /* Project object */;
			proxyType = 1;
			remoteGlobalIDString = 5B6E33CC21B6E248000B31E6;
			remoteInfo = LightAnchors;
		};
/* End PBXContainerItemProxy section */

/* Begin PBXCopyFilesBuildPhase section */
		5B936B9622F25EB10034E0D3 /* Embed Frameworks */ = {
			isa = PBXCopyFilesBuildPhase;
			buildActionMask = 2147483647;
			dstPath = "";
			dstSubfolderSpec = 10;
			files = (
			);
			name = "Embed Frameworks";
			runOnlyForDeploymentPostprocessing = 0;
		};
/* End PBXCopyFilesBuildPhase section */

/* Begin PBXFileReference section */
		05C621DE260EAF15ED278953 /* Pods_LightAnchorsUITests.framework */ = {isa = PBXFileReference; explicitFileType = wrapper.framework; includeInIndex = 0; path = Pods_LightAnchorsUITests.framework; sourceTree = BUILT_PRODUCTS_DIR; };
		35C01BB11E3789A19AD4277C /* Pods-LightAnchors.release.xcconfig */ = {isa = PBXFileReference; includeInIndex = 1; lastKnownFileType = text.xcconfig; name = "Pods-LightAnchors.release.xcconfig"; path = "Pods/Target Support Files/Pods-LightAnchors/Pods-LightAnchors.release.xcconfig"; sourceTree = "<group>"; };
		3BE12FB78B5070BF62CD0DBE /* Pods_LightAnchors.framework */ = {isa = PBXFileReference; explicitFileType = wrapper.framework; includeInIndex = 0; path = Pods_LightAnchors.framework; sourceTree = BUILT_PRODUCTS_DIR; };
		43ED1FA7B9EF205C3E1E41DC /* Pods-LightAnchorsTests.release.xcconfig */ = {isa = PBXFileReference; includeInIndex = 1; lastKnownFileType = text.xcconfig; name = "Pods-LightAnchorsTests.release.xcconfig"; path = "Pods/Target Support Files/Pods-LightAnchorsTests/Pods-LightAnchorsTests.release.xcconfig"; sourceTree = "<group>"; };
		5B662E5423356E6000369F55 /* String+append.swift */ = {isa = PBXFileReference; lastKnownFileType = sourcecode.swift; path = "String+append.swift"; sourceTree = "<group>"; };
		5B68614B233580A200CB1444 /* LightAnchorFramework.framework */ = {isa = PBXFileReference; lastKnownFileType = wrapper.framework; path = LightAnchorFramework.framework; sourceTree = "<group>"; };
		5B6E33CD21B6E248000B31E6 /* LightAnchors.app */ = {isa = PBXFileReference; explicitFileType = wrapper.application; includeInIndex = 0; path = LightAnchors.app; sourceTree = BUILT_PRODUCTS_DIR; };
		5B6E33D021B6E248000B31E6 /* AppDelegate.swift */ = {isa = PBXFileReference; lastKnownFileType = sourcecode.swift; path = AppDelegate.swift; sourceTree = "<group>"; };
		5B6E33D221B6E248000B31E6 /* ViewController.swift */ = {isa = PBXFileReference; lastKnownFileType = sourcecode.swift; path = ViewController.swift; sourceTree = "<group>"; };
		5B6E33D721B6E24A000B31E6 /* Assets.xcassets */ = {isa = PBXFileReference; lastKnownFileType = folder.assetcatalog; path = Assets.xcassets; sourceTree = "<group>"; };
		5B6E33DA21B6E24A000B31E6 /* Base */ = {isa = PBXFileReference; lastKnownFileType = file.storyboard; name = Base; path = Base.lproj/LaunchScreen.storyboard; sourceTree = "<group>"; };
		5B6E33DC21B6E24A000B31E6 /* Info.plist */ = {isa = PBXFileReference; lastKnownFileType = text.plist.xml; path = Info.plist; sourceTree = "<group>"; };
		5B6E33E121B6E24A000B31E6 /* LightAnchorsTests.xctest */ = {isa = PBXFileReference; explicitFileType = wrapper.cfbundle; includeInIndex = 0; path = LightAnchorsTests.xctest; sourceTree = BUILT_PRODUCTS_DIR; };
		5B6E33E521B6E24A000B31E6 /* LightAnchorsTests.swift */ = {isa = PBXFileReference; lastKnownFileType = sourcecode.swift; path = LightAnchorsTests.swift; sourceTree = "<group>"; };
		5B6E33E721B6E24A000B31E6 /* Info.plist */ = {isa = PBXFileReference; lastKnownFileType = text.plist.xml; path = Info.plist; sourceTree = "<group>"; };
		5B6E33EC21B6E24A000B31E6 /* LightAnchorsUITests.xctest */ = {isa = PBXFileReference; explicitFileType = wrapper.cfbundle; includeInIndex = 0; path = LightAnchorsUITests.xctest; sourceTree = BUILT_PRODUCTS_DIR; };
		5B6E33F021B6E24A000B31E6 /* LightAnchorsUITests.swift */ = {isa = PBXFileReference; lastKnownFileType = sourcecode.swift; path = LightAnchorsUITests.swift; sourceTree = "<group>"; };
		5B6E33F221B6E24A000B31E6 /* Info.plist */ = {isa = PBXFileReference; lastKnownFileType = text.plist.xml; path = Info.plist; sourceTree = "<group>"; };
		5B6E33FE21B874B4000B31E6 /* LocationView.swift */ = {isa = PBXFileReference; lastKnownFileType = sourcecode.swift; path = LocationView.swift; sourceTree = "<group>"; };
		5B6E340021B9C8A2000B31E6 /* Plane.swift */ = {isa = PBXFileReference; lastKnownFileType = sourcecode.swift; path = Plane.swift; sourceTree = "<group>"; };
		5B936B9322F25E7B0034E0D3 /* LightAnchors-Bridging-Header.h */ = {isa = PBXFileReference; lastKnownFileType = sourcecode.c.h; path = "LightAnchors-Bridging-Header.h"; sourceTree = "<group>"; };
		5B936BA322F331310034E0D3 /* kernels.metal */ = {isa = PBXFileReference; fileEncoding = 4; lastKnownFileType = sourcecode.metal; path = kernels.metal; sourceTree = "<group>"; };
		5BA610952235B53F00C3C000 /* ClusterView.swift */ = {isa = PBXFileReference; lastKnownFileType = sourcecode.swift; path = ClusterView.swift; sourceTree = "<group>"; };
		5BC4347B2208F4D60029305F /* SettingsViewController.swift */ = {isa = PBXFileReference; lastKnownFileType = sourcecode.swift; path = SettingsViewController.swift; sourceTree = "<group>"; };
		5BDE5B4D23283CDA00D7F404 /* lightanchorkernels.metallib */ = {isa = PBXFileReference; lastKnownFileType = "archive.metal-library"; path = lightanchorkernels.metallib; sourceTree = "<group>"; };
		5BE4562522331058006BC514 /* Thread.swift */ = {isa = PBXFileReference; lastKnownFileType = sourcecode.swift; path = Thread.swift; sourceTree = "<group>"; };
		6813E58DFF30140F621ED662 /* Pods-LightAnchorsUITests.release.xcconfig */ = {isa = PBXFileReference; includeInIndex = 1; lastKnownFileType = text.xcconfig; name = "Pods-LightAnchorsUITests.release.xcconfig"; path = "Pods/Target Support Files/Pods-LightAnchorsUITests/Pods-LightAnchorsUITests.release.xcconfig"; sourceTree = "<group>"; };
		9287034912DA078DDB247BDC /* Pods-LightAnchorsTests.debug.xcconfig */ = {isa = PBXFileReference; includeInIndex = 1; lastKnownFileType = text.xcconfig; name = "Pods-LightAnchorsTests.debug.xcconfig"; path = "Pods/Target Support Files/Pods-LightAnchorsTests/Pods-LightAnchorsTests.debug.xcconfig"; sourceTree = "<group>"; };
		BB31D057674E100AC26013DF /* Pods-LightAnchors.debug.xcconfig */ = {isa = PBXFileReference; includeInIndex = 1; lastKnownFileType = text.xcconfig; name = "Pods-LightAnchors.debug.xcconfig"; path = "Pods/Target Support Files/Pods-LightAnchors/Pods-LightAnchors.debug.xcconfig"; sourceTree = "<group>"; };
		F1311B24491BE9B212BA1053 /* Pods_LightAnchorsTests.framework */ = {isa = PBXFileReference; explicitFileType = wrapper.framework; includeInIndex = 0; path = Pods_LightAnchorsTests.framework; sourceTree = BUILT_PRODUCTS_DIR; };
		FF089DF3C2C6682BA9D81CDF /* Pods-LightAnchorsUITests.debug.xcconfig */ = {isa = PBXFileReference; includeInIndex = 1; lastKnownFileType = text.xcconfig; name = "Pods-LightAnchorsUITests.debug.xcconfig"; path = "Pods/Target Support Files/Pods-LightAnchorsUITests/Pods-LightAnchorsUITests.debug.xcconfig"; sourceTree = "<group>"; };
/* End PBXFileReference section */

/* Begin PBXFrameworksBuildPhase section */
		5B6E33CA21B6E248000B31E6 /* Frameworks */ = {
			isa = PBXFrameworksBuildPhase;
			buildActionMask = 2147483647;
			files = (
				1C4D7CF28630A57034699C40 /* Pods_LightAnchors.framework in Frameworks */,
				5B68614C233580A200CB1444 /* LightAnchorFramework.framework in Frameworks */,
			);
			runOnlyForDeploymentPostprocessing = 0;
		};
		5B6E33DE21B6E24A000B31E6 /* Frameworks */ = {
			isa = PBXFrameworksBuildPhase;
			buildActionMask = 2147483647;
			files = (
				3309515F11427810EDFB0EE6 /* Pods_LightAnchorsTests.framework in Frameworks */,
			);
			runOnlyForDeploymentPostprocessing = 0;
		};
		5B6E33E921B6E24A000B31E6 /* Frameworks */ = {
			isa = PBXFrameworksBuildPhase;
			buildActionMask = 2147483647;
			files = (
				0FF7C0F51D0B74186887A1F1 /* Pods_LightAnchorsUITests.framework in Frameworks */,
			);
			runOnlyForDeploymentPostprocessing = 0;
		};
/* End PBXFrameworksBuildPhase section */

/* Begin PBXGroup section */
		08F6673109F3F64963D3E94D /* Frameworks */ = {
			isa = PBXGroup;
			children = (
				5B68614B233580A200CB1444 /* LightAnchorFramework.framework */,
				3BE12FB78B5070BF62CD0DBE /* Pods_LightAnchors.framework */,
				F1311B24491BE9B212BA1053 /* Pods_LightAnchorsTests.framework */,
				05C621DE260EAF15ED278953 /* Pods_LightAnchorsUITests.framework */,
			);
			name = Frameworks;
			sourceTree = "<group>";
		};
		5B6E33C421B6E248000B31E6 = {
			isa = PBXGroup;
			children = (
				5B6E33CF21B6E248000B31E6 /* LightAnchors */,
				5B6E33E421B6E24A000B31E6 /* LightAnchorsTests */,
				5B6E33EF21B6E24A000B31E6 /* LightAnchorsUITests */,
				5B6E33CE21B6E248000B31E6 /* Products */,
				63DAC992176FE94ECD555A13 /* Pods */,
				08F6673109F3F64963D3E94D /* Frameworks */,
			);
			sourceTree = "<group>";
		};
		5B6E33CE21B6E248000B31E6 /* Products */ = {
			isa = PBXGroup;
			children = (
				5B6E33CD21B6E248000B31E6 /* LightAnchors.app */,
				5B6E33E121B6E24A000B31E6 /* LightAnchorsTests.xctest */,
				5B6E33EC21B6E24A000B31E6 /* LightAnchorsUITests.xctest */,
			);
			name = Products;
			sourceTree = "<group>";
		};
		5B6E33CF21B6E248000B31E6 /* LightAnchors */ = {
			isa = PBXGroup;
			children = (
				5B6E33D021B6E248000B31E6 /* AppDelegate.swift */,
				5B6E33D221B6E248000B31E6 /* ViewController.swift */,
				5B662E5423356E6000369F55 /* String+append.swift */,
				5BA610952235B53F00C3C000 /* ClusterView.swift */,
				5BC4347B2208F4D60029305F /* SettingsViewController.swift */,
				5B6E33FE21B874B4000B31E6 /* LocationView.swift */,
				5B6E340021B9C8A2000B31E6 /* Plane.swift */,
				5BE4562522331058006BC514 /* Thread.swift */,
				5B936B9322F25E7B0034E0D3 /* LightAnchors-Bridging-Header.h */,
				5B936BA322F331310034E0D3 /* kernels.metal */,
				5BDE5B4D23283CDA00D7F404 /* lightanchorkernels.metallib */,
				5B6E33D721B6E24A000B31E6 /* Assets.xcassets */,
				5B6E33D921B6E24A000B31E6 /* LaunchScreen.storyboard */,
				5B6E33DC21B6E24A000B31E6 /* Info.plist */,
			);
			path = LightAnchors;
			sourceTree = "<group>";
		};
		5B6E33E421B6E24A000B31E6 /* LightAnchorsTests */ = {
			isa = PBXGroup;
			children = (
				5B6E33E521B6E24A000B31E6 /* LightAnchorsTests.swift */,
				5B6E33E721B6E24A000B31E6 /* Info.plist */,
			);
			path = LightAnchorsTests;
			sourceTree = "<group>";
		};
		5B6E33EF21B6E24A000B31E6 /* LightAnchorsUITests */ = {
			isa = PBXGroup;
			children = (
				5B6E33F021B6E24A000B31E6 /* LightAnchorsUITests.swift */,
				5B6E33F221B6E24A000B31E6 /* Info.plist */,
			);
			path = LightAnchorsUITests;
			sourceTree = "<group>";
		};
		63DAC992176FE94ECD555A13 /* Pods */ = {
			isa = PBXGroup;
			children = (
				BB31D057674E100AC26013DF /* Pods-LightAnchors.debug.xcconfig */,
				35C01BB11E3789A19AD4277C /* Pods-LightAnchors.release.xcconfig */,
				9287034912DA078DDB247BDC /* Pods-LightAnchorsTests.debug.xcconfig */,
				43ED1FA7B9EF205C3E1E41DC /* Pods-LightAnchorsTests.release.xcconfig */,
				FF089DF3C2C6682BA9D81CDF /* Pods-LightAnchorsUITests.debug.xcconfig */,
				6813E58DFF30140F621ED662 /* Pods-LightAnchorsUITests.release.xcconfig */,
			);
			name = Pods;
			sourceTree = "<group>";
		};
/* End PBXGroup section */

/* Begin PBXNativeTarget section */
		5B6E33CC21B6E248000B31E6 /* LightAnchors */ = {
			isa = PBXNativeTarget;
			buildConfigurationList = 5B6E33F521B6E24A000B31E6 /* Build configuration list for PBXNativeTarget "LightAnchors" */;
			buildPhases = (
				EDB0EB8DB99CEDE20BD9DDD2 /* [CP] Check Pods Manifest.lock */,
				5B6E33C921B6E248000B31E6 /* Sources */,
				5B6E33CA21B6E248000B31E6 /* Frameworks */,
				5B6E33CB21B6E248000B31E6 /* Resources */,
				EB5260E15A99D062DC9D28F6 /* [CP] Embed Pods Frameworks */,
				5B936B9622F25EB10034E0D3 /* Embed Frameworks */,
			);
			buildRules = (
			);
			dependencies = (
			);
			name = LightAnchors;
			productName = LightAnchors;
			productReference = 5B6E33CD21B6E248000B31E6 /* LightAnchors.app */;
			productType = "com.apple.product-type.application";
		};
		5B6E33E021B6E24A000B31E6 /* LightAnchorsTests */ = {
			isa = PBXNativeTarget;
			buildConfigurationList = 5B6E33F821B6E24A000B31E6 /* Build configuration list for PBXNativeTarget "LightAnchorsTests" */;
			buildPhases = (
				96FB8B51335508D544762E31 /* [CP] Check Pods Manifest.lock */,
				5B6E33DD21B6E24A000B31E6 /* Sources */,
				5B6E33DE21B6E24A000B31E6 /* Frameworks */,
				5B6E33DF21B6E24A000B31E6 /* Resources */,
			);
			buildRules = (
			);
			dependencies = (
				5B6E33E321B6E24A000B31E6 /* PBXTargetDependency */,
			);
			name = LightAnchorsTests;
			productName = LightAnchorsTests;
			productReference = 5B6E33E121B6E24A000B31E6 /* LightAnchorsTests.xctest */;
			productType = "com.apple.product-type.bundle.unit-test";
		};
		5B6E33EB21B6E24A000B31E6 /* LightAnchorsUITests */ = {
			isa = PBXNativeTarget;
			buildConfigurationList = 5B6E33FB21B6E24A000B31E6 /* Build configuration list for PBXNativeTarget "LightAnchorsUITests" */;
			buildPhases = (
				0A029B0D94BD5E7BB4B52E83 /* [CP] Check Pods Manifest.lock */,
				5B6E33E821B6E24A000B31E6 /* Sources */,
				5B6E33E921B6E24A000B31E6 /* Frameworks */,
				5B6E33EA21B6E24A000B31E6 /* Resources */,
			);
			buildRules = (
			);
			dependencies = (
				5B6E33EE21B6E24A000B31E6 /* PBXTargetDependency */,
			);
			name = LightAnchorsUITests;
			productName = LightAnchorsUITests;
			productReference = 5B6E33EC21B6E24A000B31E6 /* LightAnchorsUITests.xctest */;
			productType = "com.apple.product-type.bundle.ui-testing";
		};
/* End PBXNativeTarget section */

/* Begin PBXProject section */
		5B6E33C521B6E248000B31E6 /* Project object */ = {
			isa = PBXProject;
			attributes = {
				LastSwiftUpdateCheck = 1010;
				LastUpgradeCheck = 1010;
				ORGANIZATIONNAME = Wiselab;
				TargetAttributes = {
					5B6E33CC21B6E248000B31E6 = {
						CreatedOnToolsVersion = 10.1;
						LastSwiftMigration = 1020;
					};
					5B6E33E021B6E24A000B31E6 = {
						CreatedOnToolsVersion = 10.1;
						TestTargetID = 5B6E33CC21B6E248000B31E6;
					};
					5B6E33EB21B6E24A000B31E6 = {
						CreatedOnToolsVersion = 10.1;
						TestTargetID = 5B6E33CC21B6E248000B31E6;
					};
				};
			};
			buildConfigurationList = 5B6E33C821B6E248000B31E6 /* Build configuration list for PBXProject "LightAnchors" */;
			compatibilityVersion = "Xcode 9.3";
			developmentRegion = en;
			hasScannedForEncodings = 0;
			knownRegions = (
				en,
				Base,
			);
			mainGroup = 5B6E33C421B6E248000B31E6;
			productRefGroup = 5B6E33CE21B6E248000B31E6 /* Products */;
			projectDirPath = "";
			projectRoot = "";
			targets = (
				5B6E33CC21B6E248000B31E6 /* LightAnchors */,
				5B6E33E021B6E24A000B31E6 /* LightAnchorsTests */,
				5B6E33EB21B6E24A000B31E6 /* LightAnchorsUITests */,
			);
		};
/* End PBXProject section */

/* Begin PBXResourcesBuildPhase section */
		5B6E33CB21B6E248000B31E6 /* Resources */ = {
			isa = PBXResourcesBuildPhase;
			buildActionMask = 2147483647;
			files = (
				5B6E33DB21B6E24A000B31E6 /* LaunchScreen.storyboard in Resources */,
				5B6E33D821B6E24A000B31E6 /* Assets.xcassets in Resources */,
				5BDE5B4E23283CDB00D7F404 /* lightanchorkernels.metallib in Resources */,
			);
			runOnlyForDeploymentPostprocessing = 0;
		};
		5B6E33DF21B6E24A000B31E6 /* Resources */ = {
			isa = PBXResourcesBuildPhase;
			buildActionMask = 2147483647;
			files = (
			);
			runOnlyForDeploymentPostprocessing = 0;
		};
		5B6E33EA21B6E24A000B31E6 /* Resources */ = {
			isa = PBXResourcesBuildPhase;
			buildActionMask = 2147483647;
			files = (
			);
			runOnlyForDeploymentPostprocessing = 0;
		};
/* End PBXResourcesBuildPhase section */

/* Begin PBXShellScriptBuildPhase section */
		0A029B0D94BD5E7BB4B52E83 /* [CP] Check Pods Manifest.lock */ = {
			isa = PBXShellScriptBuildPhase;
			buildActionMask = 2147483647;
			files = (
			);
			inputPaths = (
				"${PODS_PODFILE_DIR_PATH}/Podfile.lock",
				"${PODS_ROOT}/Manifest.lock",
			);
			name = "[CP] Check Pods Manifest.lock";
			outputPaths = (
				"$(DERIVED_FILE_DIR)/Pods-LightAnchorsUITests-checkManifestLockResult.txt",
			);
			runOnlyForDeploymentPostprocessing = 0;
			shellPath = /bin/sh;
			shellScript = "diff \"${PODS_PODFILE_DIR_PATH}/Podfile.lock\" \"${PODS_ROOT}/Manifest.lock\" > /dev/null\nif [ $? != 0 ] ; then\n    # print error to STDERR\n    echo \"error: The sandbox is not in sync with the Podfile.lock. Run 'pod install' or update your CocoaPods installation.\" >&2\n    exit 1\nfi\n# This output is used by Xcode 'outputs' to avoid re-running this script phase.\necho \"SUCCESS\" > \"${SCRIPT_OUTPUT_FILE_0}\"\n";
			showEnvVarsInLog = 0;
		};
		96FB8B51335508D544762E31 /* [CP] Check Pods Manifest.lock */ = {
			isa = PBXShellScriptBuildPhase;
			buildActionMask = 2147483647;
			files = (
			);
			inputPaths = (
				"${PODS_PODFILE_DIR_PATH}/Podfile.lock",
				"${PODS_ROOT}/Manifest.lock",
			);
			name = "[CP] Check Pods Manifest.lock";
			outputPaths = (
				"$(DERIVED_FILE_DIR)/Pods-LightAnchorsTests-checkManifestLockResult.txt",
			);
			runOnlyForDeploymentPostprocessing = 0;
			shellPath = /bin/sh;
			shellScript = "diff \"${PODS_PODFILE_DIR_PATH}/Podfile.lock\" \"${PODS_ROOT}/Manifest.lock\" > /dev/null\nif [ $? != 0 ] ; then\n    # print error to STDERR\n    echo \"error: The sandbox is not in sync with the Podfile.lock. Run 'pod install' or update your CocoaPods installation.\" >&2\n    exit 1\nfi\n# This output is used by Xcode 'outputs' to avoid re-running this script phase.\necho \"SUCCESS\" > \"${SCRIPT_OUTPUT_FILE_0}\"\n";
			showEnvVarsInLog = 0;
		};
		EB5260E15A99D062DC9D28F6 /* [CP] Embed Pods Frameworks */ = {
			isa = PBXShellScriptBuildPhase;
			buildActionMask = 2147483647;
			files = (
			);
			inputPaths = (
				"${SRCROOT}/Pods/Target Support Files/Pods-LightAnchors/Pods-LightAnchors-frameworks.sh",
				"${BUILT_PRODUCTS_DIR}/LASwift/LASwift.framework",
			);
			name = "[CP] Embed Pods Frameworks";
			outputPaths = (
				"${TARGET_BUILD_DIR}/${FRAMEWORKS_FOLDER_PATH}/LASwift.framework",
			);
			runOnlyForDeploymentPostprocessing = 0;
			shellPath = /bin/sh;
			shellScript = "\"${SRCROOT}/Pods/Target Support Files/Pods-LightAnchors/Pods-LightAnchors-frameworks.sh\"\n";
			showEnvVarsInLog = 0;
		};
		EDB0EB8DB99CEDE20BD9DDD2 /* [CP] Check Pods Manifest.lock */ = {
			isa = PBXShellScriptBuildPhase;
			buildActionMask = 2147483647;
			files = (
			);
			inputPaths = (
				"${PODS_PODFILE_DIR_PATH}/Podfile.lock",
				"${PODS_ROOT}/Manifest.lock",
			);
			name = "[CP] Check Pods Manifest.lock";
			outputPaths = (
				"$(DERIVED_FILE_DIR)/Pods-LightAnchors-checkManifestLockResult.txt",
			);
			runOnlyForDeploymentPostprocessing = 0;
			shellPath = /bin/sh;
			shellScript = "diff \"${PODS_PODFILE_DIR_PATH}/Podfile.lock\" \"${PODS_ROOT}/Manifest.lock\" > /dev/null\nif [ $? != 0 ] ; then\n    # print error to STDERR\n    echo \"error: The sandbox is not in sync with the Podfile.lock. Run 'pod install' or update your CocoaPods installation.\" >&2\n    exit 1\nfi\n# This output is used by Xcode 'outputs' to avoid re-running this script phase.\necho \"SUCCESS\" > \"${SCRIPT_OUTPUT_FILE_0}\"\n";
			showEnvVarsInLog = 0;
		};
/* End PBXShellScriptBuildPhase section */

/* Begin PBXSourcesBuildPhase section */
		5B6E33C921B6E248000B31E6 /* Sources */ = {
			isa = PBXSourcesBuildPhase;
			buildActionMask = 2147483647;
			files = (
				5B6E33D321B6E248000B31E6 /* ViewController.swift in Sources */,
				5BA610962235B53F00C3C000 /* ClusterView.swift in Sources */,
				5B936BA422F331310034E0D3 /* kernels.metal in Sources */,
				5BC4347C2208F4D60029305F /* SettingsViewController.swift in Sources */,
				5B6E33FF21B874B4000B31E6 /* LocationView.swift in Sources */,
				5B662E5523356E6000369F55 /* String+append.swift in Sources */,
				5B6E340121B9C8A2000B31E6 /* Plane.swift in Sources */,
				5B6E33D121B6E248000B31E6 /* AppDelegate.swift in Sources */,
				5BE4562622331058006BC514 /* Thread.swift in Sources */,
			);
			runOnlyForDeploymentPostprocessing = 0;
		};
		5B6E33DD21B6E24A000B31E6 /* Sources */ = {
			isa = PBXSourcesBuildPhase;
			buildActionMask = 2147483647;
			files = (
				5B6E33E621B6E24A000B31E6 /* LightAnchorsTests.swift in Sources */,
			);
			runOnlyForDeploymentPostprocessing = 0;
		};
		5B6E33E821B6E24A000B31E6 /* Sources */ = {
			isa = PBXSourcesBuildPhase;
			buildActionMask = 2147483647;
			files = (
				5B6E33F121B6E24A000B31E6 /* LightAnchorsUITests.swift in Sources */,
			);
			runOnlyForDeploymentPostprocessing = 0;
		};
/* End PBXSourcesBuildPhase section */

/* Begin PBXTargetDependency section */
		5B6E33E321B6E24A000B31E6 /* PBXTargetDependency */ = {
			isa = PBXTargetDependency;
			target = 5B6E33CC21B6E248000B31E6 /* LightAnchors */;
			targetProxy = 5B6E33E221B6E24A000B31E6 /* PBXContainerItemProxy */;
		};
		5B6E33EE21B6E24A000B31E6 /* PBXTargetDependency */ = {
			isa = PBXTargetDependency;
			target = 5B6E33CC21B6E248000B31E6 /* LightAnchors */;
			targetProxy = 5B6E33ED21B6E24A000B31E6 /* PBXContainerItemProxy */;
		};
/* End PBXTargetDependency section */

/* Begin PBXVariantGroup section */
		5B6E33D921B6E24A000B31E6 /* LaunchScreen.storyboard */ = {
			isa = PBXVariantGroup;
			children = (
				5B6E33DA21B6E24A000B31E6 /* Base */,
			);
			name = LaunchScreen.storyboard;
			sourceTree = "<group>";
		};
/* End PBXVariantGroup section */

/* Begin XCBuildConfiguration section */
		5B6E33F321B6E24A000B31E6 /* Debug */ = {
			isa = XCBuildConfiguration;
			buildSettings = {
				ALWAYS_SEARCH_USER_PATHS = NO;
				CLANG_ANALYZER_NONNULL = YES;
				CLANG_ANALYZER_NUMBER_OBJECT_CONVERSION = YES_AGGRESSIVE;
				CLANG_CXX_LANGUAGE_STANDARD = "gnu++14";
				CLANG_CXX_LIBRARY = "libc++";
				CLANG_ENABLE_MODULES = YES;
				CLANG_ENABLE_OBJC_ARC = YES;
				CLANG_ENABLE_OBJC_WEAK = YES;
				CLANG_WARN_BLOCK_CAPTURE_AUTORELEASING = YES;
				CLANG_WARN_BOOL_CONVERSION = YES;
				CLANG_WARN_COMMA = YES;
				CLANG_WARN_CONSTANT_CONVERSION = YES;
				CLANG_WARN_DEPRECATED_OBJC_IMPLEMENTATIONS = YES;
				CLANG_WARN_DIRECT_OBJC_ISA_USAGE = YES_ERROR;
				CLANG_WARN_DOCUMENTATION_COMMENTS = YES;
				CLANG_WARN_EMPTY_BODY = YES;
				CLANG_WARN_ENUM_CONVERSION = YES;
				CLANG_WARN_INFINITE_RECURSION = YES;
				CLANG_WARN_INT_CONVERSION = YES;
				CLANG_WARN_NON_LITERAL_NULL_CONVERSION = YES;
				CLANG_WARN_OBJC_IMPLICIT_RETAIN_SELF = YES;
				CLANG_WARN_OBJC_LITERAL_CONVERSION = YES;
				CLANG_WARN_OBJC_ROOT_CLASS = YES_ERROR;
				CLANG_WARN_RANGE_LOOP_ANALYSIS = YES;
				CLANG_WARN_STRICT_PROTOTYPES = YES;
				CLANG_WARN_SUSPICIOUS_MOVE = YES;
				CLANG_WARN_UNGUARDED_AVAILABILITY = YES_AGGRESSIVE;
				CLANG_WARN_UNREACHABLE_CODE = YES;
				CLANG_WARN__DUPLICATE_METHOD_MATCH = YES;
				CODE_SIGN_IDENTITY = "iPhone Developer";
				COPY_PHASE_STRIP = NO;
				DEBUG_INFORMATION_FORMAT = dwarf;
				ENABLE_STRICT_OBJC_MSGSEND = YES;
				ENABLE_TESTABILITY = YES;
				GCC_C_LANGUAGE_STANDARD = gnu11;
				GCC_DYNAMIC_NO_PIC = NO;
				GCC_NO_COMMON_BLOCKS = YES;
				GCC_OPTIMIZATION_LEVEL = 0;
				GCC_PREPROCESSOR_DEFINITIONS = (
					"DEBUG=1",
					"$(inherited)",
				);
				GCC_WARN_64_TO_32_BIT_CONVERSION = YES;
				GCC_WARN_ABOUT_RETURN_TYPE = YES_ERROR;
				GCC_WARN_UNDECLARED_SELECTOR = YES;
				GCC_WARN_UNINITIALIZED_AUTOS = YES_AGGRESSIVE;
				GCC_WARN_UNUSED_FUNCTION = YES;
				GCC_WARN_UNUSED_VARIABLE = YES;
				IPHONEOS_DEPLOYMENT_TARGET = 12.1;
				MTL_ENABLE_DEBUG_INFO = INCLUDE_SOURCE;
				MTL_FAST_MATH = YES;
				ONLY_ACTIVE_ARCH = YES;
				SDKROOT = iphoneos;
				SWIFT_ACTIVE_COMPILATION_CONDITIONS = DEBUG;
				SWIFT_OPTIMIZATION_LEVEL = "-Onone";
			};
			name = Debug;
		};
		5B6E33F421B6E24A000B31E6 /* Release */ = {
			isa = XCBuildConfiguration;
			buildSettings = {
				ALWAYS_SEARCH_USER_PATHS = NO;
				CLANG_ANALYZER_NONNULL = YES;
				CLANG_ANALYZER_NUMBER_OBJECT_CONVERSION = YES_AGGRESSIVE;
				CLANG_CXX_LANGUAGE_STANDARD = "gnu++14";
				CLANG_CXX_LIBRARY = "libc++";
				CLANG_ENABLE_MODULES = YES;
				CLANG_ENABLE_OBJC_ARC = YES;
				CLANG_ENABLE_OBJC_WEAK = YES;
				CLANG_WARN_BLOCK_CAPTURE_AUTORELEASING = YES;
				CLANG_WARN_BOOL_CONVERSION = YES;
				CLANG_WARN_COMMA = YES;
				CLANG_WARN_CONSTANT_CONVERSION = YES;
				CLANG_WARN_DEPRECATED_OBJC_IMPLEMENTATIONS = YES;
				CLANG_WARN_DIRECT_OBJC_ISA_USAGE = YES_ERROR;
				CLANG_WARN_DOCUMENTATION_COMMENTS = YES;
				CLANG_WARN_EMPTY_BODY = YES;
				CLANG_WARN_ENUM_CONVERSION = YES;
				CLANG_WARN_INFINITE_RECURSION = YES;
				CLANG_WARN_INT_CONVERSION = YES;
				CLANG_WARN_NON_LITERAL_NULL_CONVERSION = YES;
				CLANG_WARN_OBJC_IMPLICIT_RETAIN_SELF = YES;
				CLANG_WARN_OBJC_LITERAL_CONVERSION = YES;
				CLANG_WARN_OBJC_ROOT_CLASS = YES_ERROR;
				CLANG_WARN_RANGE_LOOP_ANALYSIS = YES;
				CLANG_WARN_STRICT_PROTOTYPES = YES;
				CLANG_WARN_SUSPICIOUS_MOVE = YES;
				CLANG_WARN_UNGUARDED_AVAILABILITY = YES_AGGRESSIVE;
				CLANG_WARN_UNREACHABLE_CODE = YES;
				CLANG_WARN__DUPLICATE_METHOD_MATCH = YES;
				CODE_SIGN_IDENTITY = "iPhone Developer";
				COPY_PHASE_STRIP = NO;
				DEBUG_INFORMATION_FORMAT = "dwarf-with-dsym";
				ENABLE_NS_ASSERTIONS = NO;
				ENABLE_STRICT_OBJC_MSGSEND = YES;
				GCC_C_LANGUAGE_STANDARD = gnu11;
				GCC_NO_COMMON_BLOCKS = YES;
				GCC_WARN_64_TO_32_BIT_CONVERSION = YES;
				GCC_WARN_ABOUT_RETURN_TYPE = YES_ERROR;
				GCC_WARN_UNDECLARED_SELECTOR = YES;
				GCC_WARN_UNINITIALIZED_AUTOS = YES_AGGRESSIVE;
				GCC_WARN_UNUSED_FUNCTION = YES;
				GCC_WARN_UNUSED_VARIABLE = YES;
				IPHONEOS_DEPLOYMENT_TARGET = 12.1;
				MTL_ENABLE_DEBUG_INFO = NO;
				MTL_FAST_MATH = YES;
				SDKROOT = iphoneos;
				SWIFT_COMPILATION_MODE = wholemodule;
				SWIFT_OPTIMIZATION_LEVEL = "-O";
				VALIDATE_PRODUCT = YES;
			};
			name = Release;
		};
		5B6E33F621B6E24A000B31E6 /* Debug */ = {
			isa = XCBuildConfiguration;
			baseConfigurationReference = BB31D057674E100AC26013DF /* Pods-LightAnchors.debug.xcconfig */;
			buildSettings = {
				ASSETCATALOG_COMPILER_APPICON_NAME = AppIcon;
				CLANG_ENABLE_MODULES = YES;
				CODE_SIGN_STYLE = Automatic;
				DEVELOPMENT_TEAM = 6JYYU24LA8;
				FRAMEWORK_SEARCH_PATHS = (
					"$(inherited)",
					"$(PROJECT_DIR)",
				);
				INFOPLIST_FILE = LightAnchors/Info.plist;
				IPHONEOS_DEPLOYMENT_TARGET = 11.4;
				LD_RUNPATH_SEARCH_PATHS = (
					"$(inherited)",
					"@executable_path/Frameworks",
				);
				PRODUCT_BUNDLE_IDENTIFIER = com.wiselab.LightAnchors;
				PRODUCT_NAME = "$(TARGET_NAME)";
				SWIFT_OBJC_BRIDGING_HEADER = "LightAnchors/LightAnchors-Bridging-Header.h";
				SWIFT_OPTIMIZATION_LEVEL = "-Onone";
				SWIFT_VERSION = 4.2;
				TARGETED_DEVICE_FAMILY = "1,2";
			};
			name = Debug;
		};
		5B6E33F721B6E24A000B31E6 /* Release */ = {
			isa = XCBuildConfiguration;
			baseConfigurationReference = 35C01BB11E3789A19AD4277C /* Pods-LightAnchors.release.xcconfig */;
			buildSettings = {
				ASSETCATALOG_COMPILER_APPICON_NAME = AppIcon;
				CLANG_ENABLE_MODULES = YES;
				CODE_SIGN_STYLE = Automatic;
				DEVELOPMENT_TEAM = 6JYYU24LA8;
				FRAMEWORK_SEARCH_PATHS = (
					"$(inherited)",
					"$(PROJECT_DIR)",
				);
				INFOPLIST_FILE = LightAnchors/Info.plist;
				IPHONEOS_DEPLOYMENT_TARGET = 11.4;
				LD_RUNPATH_SEARCH_PATHS = (
					"$(inherited)",
					"@executable_path/Frameworks",
				);
				PRODUCT_BUNDLE_IDENTIFIER = com.wiselab.LightAnchors;
				PRODUCT_NAME = "$(TARGET_NAME)";
				SWIFT_OBJC_BRIDGING_HEADER = "LightAnchors/LightAnchors-Bridging-Header.h";
				SWIFT_VERSION = 4.2;
				TARGETED_DEVICE_FAMILY = "1,2";
			};
			name = Release;
		};
		5B6E33F921B6E24A000B31E6 /* Debug */ = {
			isa = XCBuildConfiguration;
			baseConfigurationReference = 9287034912DA078DDB247BDC /* Pods-LightAnchorsTests.debug.xcconfig */;
			buildSettings = {
				ALWAYS_EMBED_SWIFT_STANDARD_LIBRARIES = YES;
				BUNDLE_LOADER = "$(TEST_HOST)";
				CODE_SIGN_STYLE = Automatic;
				DEVELOPMENT_TEAM = 6JYYU24LA8;
				INFOPLIST_FILE = LightAnchorsTests/Info.plist;
				LD_RUNPATH_SEARCH_PATHS = (
					"$(inherited)",
					"@executable_path/Frameworks",
					"@loader_path/Frameworks",
				);
				PRODUCT_BUNDLE_IDENTIFIER = com.wiselab.LightAnchorsTests;
				PRODUCT_NAME = "$(TARGET_NAME)";
				SWIFT_VERSION = 4.2;
				TARGETED_DEVICE_FAMILY = "1,2";
				TEST_HOST = "$(BUILT_PRODUCTS_DIR)/LightAnchors.app/LightAnchors";
			};
			name = Debug;
		};
		5B6E33FA21B6E24A000B31E6 /* Release */ = {
			isa = XCBuildConfiguration;
			baseConfigurationReference = 43ED1FA7B9EF205C3E1E41DC /* Pods-LightAnchorsTests.release.xcconfig */;
			buildSettings = {
				ALWAYS_EMBED_SWIFT_STANDARD_LIBRARIES = YES;
				BUNDLE_LOADER = "$(TEST_HOST)";
				CODE_SIGN_STYLE = Automatic;
				DEVELOPMENT_TEAM = 6JYYU24LA8;
				INFOPLIST_FILE = LightAnchorsTests/Info.plist;
				LD_RUNPATH_SEARCH_PATHS = (
					"$(inherited)",
					"@executable_path/Frameworks",
					"@loader_path/Frameworks",
				);
				PRODUCT_BUNDLE_IDENTIFIER = com.wiselab.LightAnchorsTests;
				PRODUCT_NAME = "$(TARGET_NAME)";
				SWIFT_VERSION = 4.2;
				TARGETED_DEVICE_FAMILY = "1,2";
				TEST_HOST = "$(BUILT_PRODUCTS_DIR)/LightAnchors.app/LightAnchors";
			};
			name = Release;
		};
		5B6E33FC21B6E24A000B31E6 /* Debug */ = {
			isa = XCBuildConfiguration;
			baseConfigurationReference = FF089DF3C2C6682BA9D81CDF /* Pods-LightAnchorsUITests.debug.xcconfig */;
			buildSettings = {
				ALWAYS_EMBED_SWIFT_STANDARD_LIBRARIES = YES;
				CODE_SIGN_STYLE = Automatic;
				DEVELOPMENT_TEAM = 6JYYU24LA8;
				INFOPLIST_FILE = LightAnchorsUITests/Info.plist;
				LD_RUNPATH_SEARCH_PATHS = (
					"$(inherited)",
					"@executable_path/Frameworks",
					"@loader_path/Frameworks",
				);
				PRODUCT_BUNDLE_IDENTIFIER = com.wiselab.LightAnchorsUITests;
				PRODUCT_NAME = "$(TARGET_NAME)";
				SWIFT_VERSION = 4.2;
				TARGETED_DEVICE_FAMILY = "1,2";
				TEST_TARGET_NAME = LightAnchors;
			};
			name = Debug;
		};
		5B6E33FD21B6E24A000B31E6 /* Release */ = {
			isa = XCBuildConfiguration;
			baseConfigurationReference = 6813E58DFF30140F621ED662 /* Pods-LightAnchorsUITests.release.xcconfig */;
			buildSettings = {
				ALWAYS_EMBED_SWIFT_STANDARD_LIBRARIES = YES;
				CODE_SIGN_STYLE = Automatic;
				DEVELOPMENT_TEAM = 6JYYU24LA8;
				INFOPLIST_FILE = LightAnchorsUITests/Info.plist;
				LD_RUNPATH_SEARCH_PATHS = (
					"$(inherited)",
					"@executable_path/Frameworks",
					"@loader_path/Frameworks",
				);
				PRODUCT_BUNDLE_IDENTIFIER = com.wiselab.LightAnchorsUITests;
				PRODUCT_NAME = "$(TARGET_NAME)";
				SWIFT_VERSION = 4.2;
				TARGETED_DEVICE_FAMILY = "1,2";
				TEST_TARGET_NAME = LightAnchors;
			};
			name = Release;
		};
/* End XCBuildConfiguration section */

/* Begin XCConfigurationList section */
		5B6E33C821B6E248000B31E6 /* Build configuration list for PBXProject "LightAnchors" */ = {
			isa = XCConfigurationList;
			buildConfigurations = (
				5B6E33F321B6E24A000B31E6 /* Debug */,
				5B6E33F421B6E24A000B31E6 /* Release */,
			);
			defaultConfigurationIsVisible = 0;
			defaultConfigurationName = Release;
		};
		5B6E33F521B6E24A000B31E6 /* Build configuration list for PBXNativeTarget "LightAnchors" */ = {
			isa = XCConfigurationList;
			buildConfigurations = (
				5B6E33F621B6E24A000B31E6 /* Debug */,
				5B6E33F721B6E24A000B31E6 /* Release */,
			);
			defaultConfigurationIsVisible = 0;
			defaultConfigurationName = Release;
		};
		5B6E33F821B6E24A000B31E6 /* Build configuration list for PBXNativeTarget "LightAnchorsTests" */ = {
			isa = XCConfigurationList;
			buildConfigurations = (
				5B6E33F921B6E24A000B31E6 /* Debug */,
				5B6E33FA21B6E24A000B31E6 /* Release */,
			);
			defaultConfigurationIsVisible = 0;
			defaultConfigurationName = Release;
		};
		5B6E33FB21B6E24A000B31E6 /* Build configuration list for PBXNativeTarget "LightAnchorsUITests" */ = {
			isa = XCConfigurationList;
			buildConfigurations = (
				5B6E33FC21B6E24A000B31E6 /* Debug */,
				5B6E33FD21B6E24A000B31E6 /* Release */,
			);
			defaultConfigurationIsVisible = 0;
			defaultConfigurationName = Release;
		};
/* End XCConfigurationList section */
	};
	rootObject = 5B6E33C521B6E248000B31E6 /* Project object */;
}
